
Microsoft Visual Studio Solution File, Format Version 12.00
# Visual Studio Version 17
VisualStudioVersion = 17.6.33815.320
MinimumVisualStudioVersion = 10.0.40219.1
Project("{888888A0-9F3D-457C-B088-3A5042F75D52}") = "Task_4", "Task_4.pyproj", "{5BCA0B3F-BD7D-4133-8214-262289B1F47D}"
EndProject
Global
	GlobalSection(SolutionConfigurationPlatforms) = preSolution
		Debug|Any CPU = Debug|Any CPU
		Release|Any CPU = Release|Any CPU
	EndGlobalSection
	GlobalSection(ProjectConfigurationPlatforms) = postSolution
		{5BCA0B3F-BD7D-4133-8214-262289B1F47D}.Debug|Any CPU.ActiveCfg = Debug|Any CPU
		{5BCA0B3F-BD7D-4133-8214-262289B1F47D}.Release|Any CPU.ActiveCfg = Release|Any CPU
	EndGlobalSection
	GlobalSection(SolutionProperties) = preSolution
		HideSolutionNode = FALSE
	EndGlobalSection
	GlobalSection(ExtensibilityGlobals) = postSolution
		SolutionGuid = {ED22D152-6203-460C-8B92-5F94C33CF8F4}
	EndGlobalSection
EndGlobal
